<?xml version="1.0" encoding="utf-8"?>
<Project ToolsVersion="4.0" xmlns="http://schemas.microsoft.com/developer/msbuild/2003">
  <ItemGroup>
    <Filter Include="Source Files">
      <UniqueIdentifier>{4FC737F1-C7A5-4376-A066-2A32D752A2FF}</UniqueIdentifier>
      <Extensions>cpp;c;cc;cxx;def;odl;idl;hpj;bat;asm;asmx</Extensions>
    </Filter>
    <Filter Include="Header Files">
      <UniqueIdentifier>{93995380-89BD-4b04-88EB-625FBE52EBFB}</UniqueIdentifier>
      <Extensions>h;hh;hpp;hxx;hm;inl;inc;xsd</Extensions>
    </Filter>
    <Filter Include="Resource Files">
      <UniqueIdentifier>{67DA6AB6-F800-4c08-8B7A-83BB121AAD01}</UniqueIdentifier>
      <Extensions>rc;ico;cur;bmp;dlg;rc2;rct;bin;rgs;gif;jpg;jpeg;jpe;resx;tiff;tif;png;wav;mfcribbon-ms</Extensions>
    </Filter>
    <Filter Include="Header Files\Interpret">
      <UniqueIdentifier>{ed9d5d21-0d17-40b4-aecc-2624ed151186}</UniqueIdentifier>
    </Filter>
    <Filter Include="Source Files\Interpret">
      <UniqueIdentifier>{0fdfdc46-88b2-417a-8519-99b47682e74e}</UniqueIdentifier>
    </Filter>
    <Filter Include="Header Files\Parser">
      <UniqueIdentifier>{3cadd1f9-92d4-4814-9a90-2b56c79404f6}</UniqueIdentifier>
    </Filter>
    <Filter Include="Source Files\Parser">
      <UniqueIdentifier>{9e420944-e0b2-4efc-a18e-3f5b5b6d3f41}</UniqueIdentifier>
    </Filter>
    <Filter Include="Header Files\Expressions">
      <UniqueIdentifier>{68f16f4c-9713-4be7-aa48-1d6775f78943}</UniqueIdentifier>
    </Filter>
    <Filter Include="Source Files\Expressions">
      <UniqueIdentifier>{81a2452b-5a13-469e-8035-27a993cdf51a}</UniqueIdentifier>
    </Filter>
    <Filter Include="Header Files\Lexer">
      <UniqueIdentifier>{1260de10-36ed-4a1b-817e-3c9df26abbc8}</UniqueIdentifier>
    </Filter>
    <Filter Include="Source Files\Lexer">
      <UniqueIdentifier>{134db2ef-340b-47d8-a4c5-3371db373b4d}</UniqueIdentifier>
    </Filter>
    <Filter Include="Header Files\Lexer\Readers">
      <UniqueIdentifier>{fc8a5362-80ae-423b-96bd-322d04e05ef2}</UniqueIdentifier>
    </Filter>
    <Filter Include="Source Files\Lexer\Reader">
      <UniqueIdentifier>{ebd13b67-0ed2-4b0b-b1df-650c93d8a7c3}</UniqueIdentifier>
    </Filter>
    <Filter Include="Header Files\Interpret\VirtualMachineWorkers">
      <UniqueIdentifier>{377e2b7a-2c28-43b2-aed7-f2e33fd9e38c}</UniqueIdentifier>
    </Filter>
    <Filter Include="Source Files\Interpret\VirtualMachineWorkers">
      <UniqueIdentifier>{783726a2-8052-4262-9feb-edaafc7d3f63}</UniqueIdentifier>
    </Filter>
    <Filter Include="Header Files\DataTypes">
      <UniqueIdentifier>{fc63b465-1129-40fd-b45e-437a420ff81d}</UniqueIdentifier>
    </Filter>
    <Filter Include="Header Files\Exceptions">
      <UniqueIdentifier>{f394e3d0-0f2d-471d-96dc-ffd646310b5d}</UniqueIdentifier>
    </Filter>
    <Filter Include="Source Files\DataTypes">
      <UniqueIdentifier>{f4f6f772-33c7-4977-a722-d8927cd3f9de}</UniqueIdentifier>
    </Filter>
  </ItemGroup>
  <ItemGroup>
    <ClInclude Include="stdafx.h">
      <Filter>Header Files</Filter>
    </ClInclude>
    <ClInclude Include="targetver.h">
      <Filter>Header Files</Filter>
    </ClInclude>
    <ClInclude Include="ReInterpreter.h">
      <Filter>Header Files\Interpret</Filter>
    </ClInclude>
    <ClInclude Include="ReParser.h">
      <Filter>Header Files\Parser</Filter>
    </ClInclude>
    <ClInclude Include="ReToken.h">
      <Filter>Header Files\Parser</Filter>
    </ClInclude>
    <ClInclude Include="ReTokenType.h">
      <Filter>Header Files\Parser</Filter>
    </ClInclude>
    <ClInclude Include="ReExpression.h">
      <Filter>Header Files\Expressions</Filter>
    </ClInclude>
    <ClInclude Include="ReAritmeticOperationExpression.h">
      <Filter>Header Files\Expressions</Filter>
    </ClInclude>
    <ClInclude Include="RedneckPrerequisities.h">
      <Filter>Header Files</Filter>
    </ClInclude>
    <ClInclude Include="ReInputStream.h">
      <Filter>Header Files</Filter>
    </ClInclude>
    <ClInclude Include="ReLexer.h">
      <Filter>Header Files\Lexer</Filter>
    </ClInclude>
    <ClInclude Include="ReInstruction.h">
      <Filter>Header Files\Interpret</Filter>
    </ClInclude>
    <ClInclude Include="ReInstructionGenerator.h">
      <Filter>Header Files\Interpret</Filter>
    </ClInclude>
    <ClInclude Include="ReByteCode.h">
      <Filter>Header Files\Interpret</Filter>
    </ClInclude>
    <ClInclude Include="ReExpressionType.h">
      <Filter>Header Files\Expressions</Filter>
    </ClInclude>
    <ClInclude Include="ReVirtualMachine.h">
      <Filter>Header Files\Interpret</Filter>
    </ClInclude>
    <ClInclude Include="ReReader.h">
      <Filter>Header Files\Lexer\Readers</Filter>
    </ClInclude>
    <ClInclude Include="ReIdentifierReader.h">
      <Filter>Header Files\Lexer\Readers</Filter>
    </ClInclude>
    <ClInclude Include="ReNumberReader.h">
      <Filter>Header Files\Lexer\Readers</Filter>
    </ClInclude>
    <ClInclude Include="ReOperatorReader.h">
      <Filter>Header Files\Lexer\Readers</Filter>
    </ClInclude>
    <ClInclude Include="RePunctReader.h">
      <Filter>Header Files\Lexer\Readers</Filter>
    </ClInclude>
    <ClInclude Include="ReStringReader.h">
      <Filter>Header Files\Lexer\Readers</Filter>
    </ClInclude>
    <ClInclude Include="ReAddVirtualMachineWorker.h">
      <Filter>Header Files\Interpret\VirtualMachineWorkers</Filter>
    </ClInclude>
    <ClInclude Include="ReVirtualMachineWorker.h">
      <Filter>Header Files\Interpret\VirtualMachineWorkers</Filter>
    </ClInclude>
    <ClInclude Include="ReSubVirtualMachineWorker.h">
      <Filter>Header Files\Interpret\VirtualMachineWorkers</Filter>
    </ClInclude>
    <ClInclude Include="ReMulVirtualMachineWorker.h">
      <Filter>Header Files\Interpret\VirtualMachineWorkers</Filter>
    </ClInclude>
    <ClInclude Include="ReDivVirtualMachineWorker.h">
      <Filter>Header Files\Interpret\VirtualMachineWorkers</Filter>
    </ClInclude>
    <ClInclude Include="RePushVirtualMachineWorker.h">
      <Filter>Header Files\Interpret\VirtualMachineWorkers</Filter>
    </ClInclude>
    <ClInclude Include="ReNumExpression.h">
      <Filter>Header Files\Expressions</Filter>
    </ClInclude>
    <ClInclude Include="ReIdentifierExpression.h">
      <Filter>Header Files\Expressions</Filter>
    </ClInclude>
    <ClInclude Include="ReDeclarationExpression.h">
      <Filter>Header Files\Expressions</Filter>
    </ClInclude>
    <ClInclude Include="ReKeywords.h">
      <Filter>Header Files\Parser</Filter>
    </ClInclude>
    <ClInclude Include="ReVarVirtualMachineWorker.h">
      <Filter>Header Files\Interpret\VirtualMachineWorkers</Filter>
    </ClInclude>
    <ClInclude Include="ReAssignVirtualMachineWorker.h">
      <Filter>Header Files\Interpret\VirtualMachineWorkers</Filter>
    </ClInclude>
    <ClInclude Include="ReDataType.h">
      <Filter>Header Files\DataTypes</Filter>
    </ClInclude>
    <ClInclude Include="ReFloatDataType.h">
      <Filter>Header Files\DataTypes</Filter>
    </ClInclude>
    <ClInclude Include="ReIntDataType.h">
      <Filter>Header Files\DataTypes</Filter>
    </ClInclude>
    <ClInclude Include="ReStringDataType.h">
      <Filter>Header Files\DataTypes</Filter>
    </ClInclude>
    <ClInclude Include="ReMemory.h">
      <Filter>Header Files\Interpret</Filter>
    </ClInclude>
    <ClInclude Include="ReNullDataType.h">
      <Filter>Header Files\DataTypes</Filter>
    </ClInclude>
    <ClInclude Include="ReDivideByZeroException.h">
      <Filter>Header Files\Exceptions</Filter>
    </ClInclude>
    <ClInclude Include="ReInvalidOperationException.h">
      <Filter>Header Files\Exceptions</Filter>
    </ClInclude>
    <ClInclude Include="ReNullPointerException.h">
      <Filter>Header Files\Exceptions</Filter>
    </ClInclude>
    <ClInclude Include="ReIfExpression.h">
      <Filter>Header Files\Expressions</Filter>
    </ClInclude>
    <ClInclude Include="ReCmpVirtualMachineWorker.h">
      <Filter>Header Files\Interpret\VirtualMachineWorkers</Filter>
    </ClInclude>
    <ClInclude Include="ReCommon.h">
      <Filter>Header Files</Filter>
    </ClInclude>
    <ClInclude Include="ReSyntaxException.h">
      <Filter>Header Files\Exceptions</Filter>
    </ClInclude>
  </ItemGroup>
  <ItemGroup>
    <ClCompile Include="stdafx.cpp">
      <Filter>Source Files</Filter>
    </ClCompile>
    <ClCompile Include="dllmain.cpp">
      <Filter>Source Files</Filter>
    </ClCompile>
    <ClCompile Include="ReInterpreter.cpp">
      <Filter>Source Files\Interpret</Filter>
    </ClCompile>
    <ClCompile Include="ReParser.cpp">
      <Filter>Source Files\Parser</Filter>
    </ClCompile>
    <ClCompile Include="ReToken.cpp">
      <Filter>Source Files\Parser</Filter>
    </ClCompile>
    <ClCompile Include="ReExpression.cpp">
      <Filter>Source Files\Expressions</Filter>
    </ClCompile>
    <ClCompile Include="ReAritmeticOperationExpression.cpp">
      <Filter>Source Files\Expressions</Filter>
    </ClCompile>
    <ClCompile Include="ReInputStream.cpp">
      <Filter>Source Files</Filter>
    </ClCompile>
    <ClCompile Include="ReLexer.cpp">
      <Filter>Source Files\Lexer</Filter>
    </ClCompile>
    <ClCompile Include="ReInstruction.cpp">
      <Filter>Source Files\Interpret</Filter>
    </ClCompile>
    <ClCompile Include="ReInstructionGenerator.cpp">
      <Filter>Source Files\Interpret</Filter>
    </ClCompile>
    <ClCompile Include="ReVirtualMachine.cpp">
      <Filter>Source Files\Interpret</Filter>
    </ClCompile>
    <ClCompile Include="ReIdentifierReader.cpp">
      <Filter>Source Files\Lexer\Reader</Filter>
    </ClCompile>
    <ClCompile Include="ReNumberReader.cpp">
      <Filter>Source Files\Lexer\Reader</Filter>
    </ClCompile>
    <ClCompile Include="ReOperatorReader.cpp">
      <Filter>Source Files\Lexer\Reader</Filter>
    </ClCompile>
    <ClCompile Include="RePunctReader.cpp">
      <Filter>Source Files\Lexer\Reader</Filter>
    </ClCompile>
    <ClCompile Include="ReReader.cpp">
      <Filter>Source Files\Lexer\Reader</Filter>
    </ClCompile>
    <ClCompile Include="ReStringReader.cpp">
      <Filter>Source Files\Lexer\Reader</Filter>
    </ClCompile>
    <ClCompile Include="ReAddVirtualMachineWorker.cpp">
      <Filter>Source Files\Interpret\VirtualMachineWorkers</Filter>
    </ClCompile>
    <ClCompile Include="ReDivVirtualMachineWorker.cpp">
      <Filter>Source Files\Interpret\VirtualMachineWorkers</Filter>
    </ClCompile>
    <ClCompile Include="ReMulVirtualMachineWorker.cpp">
      <Filter>Source Files\Interpret\VirtualMachineWorkers</Filter>
    </ClCompile>
    <ClCompile Include="RePushVirtualMachineWorker.cpp">
      <Filter>Source Files\Interpret\VirtualMachineWorkers</Filter>
    </ClCompile>
    <ClCompile Include="ReSubVirtualMachineWorker.cpp">
      <Filter>Source Files\Interpret\VirtualMachineWorkers</Filter>
    </ClCompile>
    <ClCompile Include="ReNumExpression.cpp">
      <Filter>Source Files\Expressions</Filter>
    </ClCompile>
    <ClCompile Include="ReDeclarationExpression.cpp">
      <Filter>Source Files\Expressions</Filter>
    </ClCompile>
    <ClCompile Include="ReIdentifierExpression.cpp">
      <Filter>Source Files\Expressions</Filter>
    </ClCompile>
    <ClCompile Include="ReAssignVirtualMachineWorker.cpp">
      <Filter>Source Files\Interpret\VirtualMachineWorkers</Filter>
    </ClCompile>
    <ClCompile Include="ReVarVirtualMachineWorker.cpp">
      <Filter>Source Files\Interpret\VirtualMachineWorkers</Filter>
    </ClCompile>
    <ClCompile Include="ReFloatDataType.cpp">
      <Filter>Source Files\DataTypes</Filter>
    </ClCompile>
    <ClCompile Include="ReIntDataType.cpp">
      <Filter>Source Files\DataTypes</Filter>
    </ClCompile>
    <ClCompile Include="ReStringDataType.cpp">
      <Filter>Source Files\DataTypes</Filter>
    </ClCompile>
    <ClCompile Include="ReMemory.cpp">
      <Filter>Source Files\Interpret</Filter>
    </ClCompile>
    <ClCompile Include="ReNullDataType.cpp">
      <Filter>Source Files\DataTypes</Filter>
    </ClCompile>
    <ClCompile Include="ReKeywords.cpp">
      <Filter>Source Files\Parser</Filter>
    </ClCompile>
    <ClCompile Include="ReIfExpression.cpp">
      <Filter>Source Files\Expressions</Filter>
    </ClCompile>
    <ClCompile Include="ReCmpVirtualMachineWorker.cpp">
      <Filter>Source Files\Interpret\VirtualMachineWorkers</Filter>
    </ClCompile>
  </ItemGroup>
</Project>