<?xml version="1.0" encoding="utf-8"?>
<Project ToolsVersion="4.0" xmlns="http://schemas.microsoft.com/developer/msbuild/2003">
  <ItemGroup>
    <Filter Include="Source Files">
      <UniqueIdentifier>{4FC737F1-C7A5-4376-A066-2A32D752A2FF}</UniqueIdentifier>
      <Extensions>cpp;c;cc;cxx;def;odl;idl;hpj;bat;asm;asmx</Extensions>
    </Filter>
    <Filter Include="Header Files">
      <UniqueIdentifier>{93995380-89BD-4b04-88EB-625FBE52EBFB}</UniqueIdentifier>
      <Extensions>h;hh;hpp;hxx;hm;inl;inc;xsd</Extensions>
    </Filter>
    <Filter Include="Resource Files">
      <UniqueIdentifier>{67DA6AB6-F800-4c08-8B7A-83BB121AAD01}</UniqueIdentifier>
      <Extensions>rc;ico;cur;bmp;dlg;rc2;rct;bin;rgs;gif;jpg;jpeg;jpe;resx;tiff;tif;png;wav;mfcribbon-ms</Extensions>
    </Filter>
    <Filter Include="Header Files\Interpret">
      <UniqueIdentifier>{ed9d5d21-0d17-40b4-aecc-2624ed151186}</UniqueIdentifier>
    </Filter>
    <Filter Include="Source Files\Interpret">
      <UniqueIdentifier>{0fdfdc46-88b2-417a-8519-99b47682e74e}</UniqueIdentifier>
    </Filter>
    <Filter Include="Header Files\Parser">
      <UniqueIdentifier>{3cadd1f9-92d4-4814-9a90-2b56c79404f6}</UniqueIdentifier>
    </Filter>
    <Filter Include="Source Files\Parser">
      <UniqueIdentifier>{9e420944-e0b2-4efc-a18e-3f5b5b6d3f41}</UniqueIdentifier>
    </Filter>
    <Filter Include="Header Files\Expressions">
      <UniqueIdentifier>{68f16f4c-9713-4be7-aa48-1d6775f78943}</UniqueIdentifier>
    </Filter>
    <Filter Include="Source Files\Expressions">
      <UniqueIdentifier>{81a2452b-5a13-469e-8035-27a993cdf51a}</UniqueIdentifier>
    </Filter>
    <Filter Include="Header Files\Stack">
      <UniqueIdentifier>{b653af15-5afe-4c5d-bd23-846bc11a40f0}</UniqueIdentifier>
    </Filter>
    <Filter Include="Source Files\Stack">
      <UniqueIdentifier>{fc93b6c0-b632-4b21-830b-4c564de91683}</UniqueIdentifier>
    </Filter>
  </ItemGroup>
  <ItemGroup>
    <Text Include="ReadMe.txt" />
  </ItemGroup>
  <ItemGroup>
    <ClInclude Include="stdafx.h">
      <Filter>Header Files</Filter>
    </ClInclude>
    <ClInclude Include="targetver.h">
      <Filter>Header Files</Filter>
    </ClInclude>
    <ClInclude Include="ReInterpreter.h">
      <Filter>Header Files\Interpret</Filter>
    </ClInclude>
    <ClInclude Include="ReParser.h">
      <Filter>Header Files\Parser</Filter>
    </ClInclude>
    <ClInclude Include="ReToken.h">
      <Filter>Header Files\Parser</Filter>
    </ClInclude>
    <ClInclude Include="ReTokenType.h">
      <Filter>Header Files\Parser</Filter>
    </ClInclude>
    <ClInclude Include="ReExpression.h">
      <Filter>Header Files\Expressions</Filter>
    </ClInclude>
    <ClInclude Include="ReNumExpression.h">
      <Filter>Header Files\Expressions</Filter>
    </ClInclude>
    <ClInclude Include="ReAritmeticOperationExpression.h">
      <Filter>Header Files\Expressions</Filter>
    </ClInclude>
    <ClInclude Include="ByteCodeId.h">
      <Filter>Header Files\Expressions</Filter>
    </ClInclude>
    <ClInclude Include="ReStackVisitor.h">
      <Filter>Header Files\Stack</Filter>
    </ClInclude>
    <ClInclude Include="RedneckPrerequisities.h">
      <Filter>Header Files</Filter>
    </ClInclude>
  </ItemGroup>
  <ItemGroup>
    <ClCompile Include="stdafx.cpp">
      <Filter>Source Files</Filter>
    </ClCompile>
    <ClCompile Include="dllmain.cpp">
      <Filter>Source Files</Filter>
    </ClCompile>
    <ClCompile Include="ReInterpreter.cpp">
      <Filter>Source Files\Interpret</Filter>
    </ClCompile>
    <ClCompile Include="ReParser.cpp">
      <Filter>Source Files\Parser</Filter>
    </ClCompile>
    <ClCompile Include="ReToken.cpp">
      <Filter>Source Files\Parser</Filter>
    </ClCompile>
    <ClCompile Include="ReExpression.cpp">
      <Filter>Source Files\Expressions</Filter>
    </ClCompile>
    <ClCompile Include="ReStackVisitor.cpp">
      <Filter>Source Files\Stack</Filter>
    </ClCompile>
    <ClCompile Include="ReAritmeticOperationExpression.cpp">
      <Filter>Source Files\Expressions</Filter>
    </ClCompile>
    <ClCompile Include="ReNumExpression.cpp">
      <Filter>Source Files\Expressions</Filter>
    </ClCompile>
  </ItemGroup>
</Project>